// !$*UTF8*$!
{
	archiveVersion = 1;
	classes = {
	};
	objectVersion = 55;
	objects = {

/* Begin PBXBuildFile section */
		3857D3F228B4D69C00E91BDC /* Flutter in Resources */ = {isa = PBXBuildFile; fileRef = 3857D3F128B4D69C00E91BDC /* Flutter */; };
		3857D43C28B75F7C00E91BDC /* Tixngo in Resources */ = {isa = PBXBuildFile; fileRef = 3857D43B28B75F7C00E91BDC /* Tixngo */; };
		3898F3A028B4677500DFDD23 /* TestCocoa.docc in Sources */ = {isa = PBXBuildFile; fileRef = 3898F39F28B4677500DFDD23 /* TestCocoa.docc */; };
		3898F3A628B4677600DFDD23 /* TestCocoa.framework in Frameworks */ = {isa = PBXBuildFile; fileRef = 3898F39B28B4677500DFDD23 /* TestCocoa.framework */; };
		3898F3AB28B4677600DFDD23 /* TestCocoaTests.swift in Sources */ = {isa = PBXBuildFile; fileRef = 3898F3AA28B4677600DFDD23 /* TestCocoaTests.swift */; };
		3898F3AC28B4677600DFDD23 /* TestCocoa.h in Headers */ = {isa = PBXBuildFile; fileRef = 3898F39E28B4677500DFDD23 /* TestCocoa.h */; settings = {ATTRIBUTES = (Public, ); }; };
		D2803140F7C957237EA88000 /* Pods_TestCocoa.framework in Frameworks */ = {isa = PBXBuildFile; fileRef = D6AABF53869C1F9EFA229213 /* Pods_TestCocoa.framework */; };
/* End PBXBuildFile section */

/* Begin PBXContainerItemProxy section */
		3898F3A728B4677600DFDD23 /* PBXContainerItemProxy */ = {
			isa = PBXContainerItemProxy;
			containerPortal = 3898F39228B4677500DFDD23 /* Project object */;
			proxyType = 1;
			remoteGlobalIDString = 3898F39A28B4677500DFDD23;
			remoteInfo = TestCocoa;
		};
/* End PBXContainerItemProxy section */

/* Begin PBXFileReference section */
		07252AD84BD7EFD1F5A8EB70 /* Pods-TestCocoa.release.xcconfig */ = {isa = PBXFileReference; includeInIndex = 1; lastKnownFileType = text.xcconfig; name = "Pods-TestCocoa.release.xcconfig"; path = "Target Support Files/Pods-TestCocoa/Pods-TestCocoa.release.xcconfig"; sourceTree = "<group>"; };
		123B47C0E2C923EC6CEB8901 /* Pods-TestCocoa.debug.xcconfig */ = {isa = PBXFileReference; includeInIndex = 1; lastKnownFileType = text.xcconfig; name = "Pods-TestCocoa.debug.xcconfig"; path = "Target Support Files/Pods-TestCocoa/Pods-TestCocoa.debug.xcconfig"; sourceTree = "<group>"; };
		3857D3F128B4D69C00E91BDC /* Flutter */ = {isa = PBXFileReference; lastKnownFileType = folder; path = Flutter; sourceTree = "<group>"; };
		3857D43B28B75F7C00E91BDC /* Tixngo */ = {isa = PBXFileReference; lastKnownFileType = folder; path = Tixngo; sourceTree = "<group>"; };
		3898F39B28B4677500DFDD23 /* TestCocoa.framework */ = {isa = PBXFileReference; explicitFileType = wrapper.framework; includeInIndex = 0; path = TestCocoa.framework; sourceTree = BUILT_PRODUCTS_DIR; };
		3898F39E28B4677500DFDD23 /* TestCocoa.h */ = {isa = PBXFileReference; lastKnownFileType = sourcecode.c.h; path = TestCocoa.h; sourceTree = "<group>"; };
		3898F39F28B4677500DFDD23 /* TestCocoa.docc */ = {isa = PBXFileReference; lastKnownFileType = folder.documentationcatalog; path = TestCocoa.docc; sourceTree = "<group>"; };
		3898F3A528B4677600DFDD23 /* TestCocoaTests.xctest */ = {isa = PBXFileReference; explicitFileType = wrapper.cfbundle; includeInIndex = 0; path = TestCocoaTests.xctest; sourceTree = BUILT_PRODUCTS_DIR; };
		3898F3AA28B4677600DFDD23 /* TestCocoaTests.swift */ = {isa = PBXFileReference; lastKnownFileType = sourcecode.swift; path = TestCocoaTests.swift; sourceTree = "<group>"; };
		D6AABF53869C1F9EFA229213 /* Pods_TestCocoa.framework */ = {isa = PBXFileReference; explicitFileType = wrapper.framework; includeInIndex = 0; path = Pods_TestCocoa.framework; sourceTree = BUILT_PRODUCTS_DIR; };
/* End PBXFileReference section */

/* Begin PBXFrameworksBuildPhase section */
		3898F39828B4677500DFDD23 /* Frameworks */ = {
			isa = PBXFrameworksBuildPhase;
			buildActionMask = 2147483647;
			files = (
				D2803140F7C957237EA88000 /* Pods_TestCocoa.framework in Frameworks */,
			);
			runOnlyForDeploymentPostprocessing = 0;
		};
		3898F3A228B4677600DFDD23 /* Frameworks */ = {
			isa = PBXFrameworksBuildPhase;
			buildActionMask = 2147483647;
			files = (
				3898F3A628B4677600DFDD23 /* TestCocoa.framework in Frameworks */,
			);
			runOnlyForDeploymentPostprocessing = 0;
		};
/* End PBXFrameworksBuildPhase section */

/* Begin PBXGroup section */
		3898F39128B4677500DFDD23 = {
			isa = PBXGroup;
			children = (
				3898F39D28B4677500DFDD23 /* TestCocoa */,
				3898F3A928B4677600DFDD23 /* TestCocoaTests */,
				3898F39C28B4677500DFDD23 /* Products */,
				D04A6DC8563A6B8314DCE297 /* Pods */,
				87028B515EDBD685C61766E8 /* Frameworks */,
			);
			sourceTree = "<group>";
		};
		3898F39C28B4677500DFDD23 /* Products */ = {
			isa = PBXGroup;
			children = (
				3898F39B28B4677500DFDD23 /* TestCocoa.framework */,
				3898F3A528B4677600DFDD23 /* TestCocoaTests.xctest */,
			);
			name = Products;
			sourceTree = "<group>";
		};
		3898F39D28B4677500DFDD23 /* TestCocoa */ = {
			isa = PBXGroup;
			children = (
				3857D43B28B75F7C00E91BDC /* Tixngo */,
				3857D3F128B4D69C00E91BDC /* Flutter */,
				3898F39E28B4677500DFDD23 /* TestCocoa.h */,
				3898F39F28B4677500DFDD23 /* TestCocoa.docc */,
			);
			path = TestCocoa;
			sourceTree = "<group>";
		};
		3898F3A928B4677600DFDD23 /* TestCocoaTests */ = {
			isa = PBXGroup;
			children = (
				3898F3AA28B4677600DFDD23 /* TestCocoaTests.swift */,
			);
			path = TestCocoaTests;
			sourceTree = "<group>";
		};
		87028B515EDBD685C61766E8 /* Frameworks */ = {
			isa = PBXGroup;
			children = (
				D6AABF53869C1F9EFA229213 /* Pods_TestCocoa.framework */,
			);
			name = Frameworks;
			sourceTree = "<group>";
		};
		D04A6DC8563A6B8314DCE297 /* Pods */ = {
			isa = PBXGroup;
			children = (
				123B47C0E2C923EC6CEB8901 /* Pods-TestCocoa.debug.xcconfig */,
				07252AD84BD7EFD1F5A8EB70 /* Pods-TestCocoa.release.xcconfig */,
			);
			path = Pods;
			sourceTree = "<group>";
		};
/* End PBXGroup section */

/* Begin PBXHeadersBuildPhase section */
		3898F39628B4677500DFDD23 /* Headers */ = {
			isa = PBXHeadersBuildPhase;
			buildActionMask = 2147483647;
			files = (
				3898F3AC28B4677600DFDD23 /* TestCocoa.h in Headers */,
			);
			runOnlyForDeploymentPostprocessing = 0;
		};
/* End PBXHeadersBuildPhase section */

/* Begin PBXNativeTarget section */
		3898F39A28B4677500DFDD23 /* TestCocoa */ = {
			isa = PBXNativeTarget;
			buildConfigurationList = 3898F3AF28B4677600DFDD23 /* Build configuration list for PBXNativeTarget "TestCocoa" */;
			buildPhases = (
				2D75511BC7019E0A446E0DBB /* [CP] Check Pods Manifest.lock */,
				3898F39628B4677500DFDD23 /* Headers */,
				3898F39728B4677500DFDD23 /* Sources */,
				3898F39828B4677500DFDD23 /* Frameworks */,
				3898F39928B4677500DFDD23 /* Resources */,
			);
			buildRules = (
			);
			dependencies = (
			);
			name = TestCocoa;
			productName = TestCocoa;
			productReference = 3898F39B28B4677500DFDD23 /* TestCocoa.framework */;
			productType = "com.apple.product-type.framework";
		};
		3898F3A428B4677600DFDD23 /* TestCocoaTests */ = {
			isa = PBXNativeTarget;
			buildConfigurationList = 3898F3B228B4677600DFDD23 /* Build configuration list for PBXNativeTarget "TestCocoaTests" */;
			buildPhases = (
				3898F3A128B4677600DFDD23 /* Sources */,
				3898F3A228B4677600DFDD23 /* Frameworks */,
				3898F3A328B4677600DFDD23 /* Resources */,
			);
			buildRules = (
			);
			dependencies = (
				3898F3A828B4677600DFDD23 /* PBXTargetDependency */,
			);
			name = TestCocoaTests;
			productName = TestCocoaTests;
			productReference = 3898F3A528B4677600DFDD23 /* TestCocoaTests.xctest */;
			productType = "com.apple.product-type.bundle.unit-test";
		};
/* End PBXNativeTarget section */

/* Begin PBXProject section */
		3898F39228B4677500DFDD23 /* Project object */ = {
			isa = PBXProject;
			attributes = {
				BuildIndependentTargetsInParallel = 1;
				LastSwiftUpdateCheck = 1340;
				LastUpgradeCheck = 1340;
				TargetAttributes = {
					3898F39A28B4677500DFDD23 = {
						CreatedOnToolsVersion = 13.4.1;
					};
					3898F3A428B4677600DFDD23 = {
						CreatedOnToolsVersion = 13.4.1;
					};
				};
			};
			buildConfigurationList = 3898F39528B4677500DFDD23 /* Build configuration list for PBXProject "TestCocoa" */;
			compatibilityVersion = "Xcode 13.0";
			developmentRegion = en;
			hasScannedForEncodings = 0;
			knownRegions = (
				en,
				Base,
			);
			mainGroup = 3898F39128B4677500DFDD23;
			productRefGroup = 3898F39C28B4677500DFDD23 /* Products */;
			projectDirPath = "";
			projectRoot = "";
			targets = (
				3898F39A28B4677500DFDD23 /* TestCocoa */,
				3898F3A428B4677600DFDD23 /* TestCocoaTests */,
			);
		};
/* End PBXProject section */

/* Begin PBXResourcesBuildPhase section */
		3898F39928B4677500DFDD23 /* Resources */ = {
			isa = PBXResourcesBuildPhase;
			buildActionMask = 2147483647;
			files = (
				3857D3F228B4D69C00E91BDC /* Flutter in Resources */,
				3857D43C28B75F7C00E91BDC /* Tixngo in Resources */,
			);
			runOnlyForDeploymentPostprocessing = 0;
		};
		3898F3A328B4677600DFDD23 /* Resources */ = {
			isa = PBXResourcesBuildPhase;
			buildActionMask = 2147483647;
			files = (
			);
			runOnlyForDeploymentPostprocessing = 0;
		};
/* End PBXResourcesBuildPhase section */

/* Begin PBXShellScriptBuildPhase section */
		2D75511BC7019E0A446E0DBB /* [CP] Check Pods Manifest.lock */ = {
			isa = PBXShellScriptBuildPhase;
			buildActionMask = 2147483647;
			files = (
			);
			inputFileListPaths = (
			);
			inputPaths = (
				"${PODS_PODFILE_DIR_PATH}/Podfile.lock",
				"${PODS_ROOT}/Manifest.lock",
			);
			name = "[CP] Check Pods Manifest.lock";
			outputFileListPaths = (
			);
			outputPaths = (
				"$(DERIVED_FILE_DIR)/Pods-TestCocoa-checkManifestLockResult.txt",
			);
			runOnlyForDeploymentPostprocessing = 0;
			shellPath = /bin/sh;
			shellScript = "diff \"${PODS_PODFILE_DIR_PATH}/Podfile.lock\" \"${PODS_ROOT}/Manifest.lock\" > /dev/null\nif [ $? != 0 ] ; then\n    # print error to STDERR\n    echo \"error: The sandbox is not in sync with the Podfile.lock. Run 'pod install' or update your CocoaPods installation.\" >&2\n    exit 1\nfi\n# This output is used by Xcode 'outputs' to avoid re-running this script phase.\necho \"SUCCESS\" > \"${SCRIPT_OUTPUT_FILE_0}\"\n";
			showEnvVarsInLog = 0;
		};
/* End PBXShellScriptBuildPhase section */

/* Begin PBXSourcesBuildPhase section */
		3898F39728B4677500DFDD23 /* Sources */ = {
			isa = PBXSourcesBuildPhase;
			buildActionMask = 2147483647;
			files = (
				3898F3A028B4677500DFDD23 /* TestCocoa.docc in Sources */,
			);
			runOnlyForDeploymentPostprocessing = 0;
		};
		3898F3A128B4677600DFDD23 /* Sources */ = {
			isa = PBXSourcesBuildPhase;
			buildActionMask = 2147483647;
			files = (
				3898F3AB28B4677600DFDD23 /* TestCocoaTests.swift in Sources */,
			);
			runOnlyForDeploymentPostprocessing = 0;
		};
/* End PBXSourcesBuildPhase section */

/* Begin PBXTargetDependency section */
		3898F3A828B4677600DFDD23 /* PBXTargetDependency */ = {
			isa = PBXTargetDependency;
			target = 3898F39A28B4677500DFDD23 /* TestCocoa */;
			targetProxy = 3898F3A728B4677600DFDD23 /* PBXContainerItemProxy */;
		};
/* End PBXTargetDependency section */

/* Begin XCBuildConfiguration section */
		3898F3AD28B4677600DFDD23 /* Debug */ = {
			isa = XCBuildConfiguration;
			buildSettings = {
				ALWAYS_SEARCH_USER_PATHS = NO;
				CLANG_ANALYZER_NONNULL = YES;
				CLANG_ANALYZER_NUMBER_OBJECT_CONVERSION = YES_AGGRESSIVE;
				CLANG_CXX_LANGUAGE_STANDARD = "gnu++17";
				CLANG_ENABLE_MODULES = YES;
				CLANG_ENABLE_OBJC_ARC = YES;
				CLANG_ENABLE_OBJC_WEAK = YES;
				CLANG_WARN_BLOCK_CAPTURE_AUTORELEASING = YES;
				CLANG_WARN_BOOL_CONVERSION = YES;
				CLANG_WARN_COMMA = YES;
				CLANG_WARN_CONSTANT_CONVERSION = YES;
				CLANG_WARN_DEPRECATED_OBJC_IMPLEMENTATIONS = YES;
				CLANG_WARN_DIRECT_OBJC_ISA_USAGE = YES_ERROR;
				CLANG_WARN_DOCUMENTATION_COMMENTS = YES;
				CLANG_WARN_EMPTY_BODY = YES;
				CLANG_WARN_ENUM_CONVERSION = YES;
				CLANG_WARN_INFINITE_RECURSION = YES;
				CLANG_WARN_INT_CONVERSION = YES;
				CLANG_WARN_NON_LITERAL_NULL_CONVERSION = YES;
				CLANG_WARN_OBJC_IMPLICIT_RETAIN_SELF = YES;
				CLANG_WARN_OBJC_LITERAL_CONVERSION = YES;
				CLANG_WARN_OBJC_ROOT_CLASS = YES_ERROR;
				CLANG_WARN_QUOTED_INCLUDE_IN_FRAMEWORK_HEADER = YES;
				CLANG_WARN_RANGE_LOOP_ANALYSIS = YES;
				CLANG_WARN_STRICT_PROTOTYPES = YES;
				CLANG_WARN_SUSPICIOUS_MOVE = YES;
				CLANG_WARN_UNGUARDED_AVAILABILITY = YES_AGGRESSIVE;
				CLANG_WARN_UNREACHABLE_CODE = YES;
				CLANG_WARN__DUPLICATE_METHOD_MATCH = YES;
				COPY_PHASE_STRIP = NO;
				CURRENT_PROJECT_VERSION = 1;
				DEBUG_INFORMATION_FORMAT = dwarf;
				ENABLE_STRICT_OBJC_MSGSEND = YES;
				ENABLE_TESTABILITY = YES;
				GCC_C_LANGUAGE_STANDARD = gnu11;
				GCC_DYNAMIC_NO_PIC = NO;
				GCC_NO_COMMON_BLOCKS = YES;
				GCC_OPTIMIZATION_LEVEL = 0;
				GCC_PREPROCESSOR_DEFINITIONS = (
					"DEBUG=1",
					"$(inherited)",
				);
				GCC_WARN_64_TO_32_BIT_CONVERSION = YES;
				GCC_WARN_ABOUT_RETURN_TYPE = YES_ERROR;
				GCC_WARN_UNDECLARED_SELECTOR = YES;
				GCC_WARN_UNINITIALIZED_AUTOS = YES_AGGRESSIVE;
				GCC_WARN_UNUSED_FUNCTION = YES;
				GCC_WARN_UNUSED_VARIABLE = YES;
				IPHONEOS_DEPLOYMENT_TARGET = 15.5;
				MTL_ENABLE_DEBUG_INFO = INCLUDE_SOURCE;
				MTL_FAST_MATH = YES;
				ONLY_ACTIVE_ARCH = YES;
				SDKROOT = iphoneos;
				SWIFT_ACTIVE_COMPILATION_CONDITIONS = DEBUG;
				SWIFT_OPTIMIZATION_LEVEL = "-Onone";
				VERSIONING_SYSTEM = "apple-generic";
				VERSION_INFO_PREFIX = "";
			};
			name = Debug;
		};
		3898F3AE28B4677600DFDD23 /* Release */ = {
			isa = XCBuildConfiguration;
			buildSettings = {
				ALWAYS_SEARCH_USER_PATHS = NO;
				CLANG_ANALYZER_NONNULL = YES;
				CLANG_ANALYZER_NUMBER_OBJECT_CONVERSION = YES_AGGRESSIVE;
				CLANG_CXX_LANGUAGE_STANDARD = "gnu++17";
				CLANG_ENABLE_MODULES = YES;
				CLANG_ENABLE_OBJC_ARC = YES;
				CLANG_ENABLE_OBJC_WEAK = YES;
				CLANG_WARN_BLOCK_CAPTURE_AUTORELEASING = YES;
				CLANG_WARN_BOOL_CONVERSION = YES;
				CLANG_WARN_COMMA = YES;
				CLANG_WARN_CONSTANT_CONVERSION = YES;
				CLANG_WARN_DEPRECATED_OBJC_IMPLEMENTATIONS = YES;
				CLANG_WARN_DIRECT_OBJC_ISA_USAGE = YES_ERROR;
				CLANG_WARN_DOCUMENTATION_COMMENTS = YES;
				CLANG_WARN_EMPTY_BODY = YES;
				CLANG_WARN_ENUM_CONVERSION = YES;
				CLANG_WARN_INFINITE_RECURSION = YES;
				CLANG_WARN_INT_CONVERSION = YES;
				CLANG_WARN_NON_LITERAL_NULL_CONVERSION = YES;
				CLANG_WARN_OBJC_IMPLICIT_RETAIN_SELF = YES;
				CLANG_WARN_OBJC_LITERAL_CONVERSION = YES;
				CLANG_WARN_OBJC_ROOT_CLASS = YES_ERROR;
				CLANG_WARN_QUOTED_INCLUDE_IN_FRAMEWORK_HEADER = YES;
				CLANG_WARN_RANGE_LOOP_ANALYSIS = YES;
				CLANG_WARN_STRICT_PROTOTYPES = YES;
				CLANG_WARN_SUSPICIOUS_MOVE = YES;
				CLANG_WARN_UNGUARDED_AVAILABILITY = YES_AGGRESSIVE;
				CLANG_WARN_UNREACHABLE_CODE = YES;
				CLANG_WARN__DUPLICATE_METHOD_MATCH = YES;
				COPY_PHASE_STRIP = NO;
				CURRENT_PROJECT_VERSION = 1;
				DEBUG_INFORMATION_FORMAT = "dwarf-with-dsym";
				ENABLE_NS_ASSERTIONS = NO;
				ENABLE_STRICT_OBJC_MSGSEND = YES;
				GCC_C_LANGUAGE_STANDARD = gnu11;
				GCC_NO_COMMON_BLOCKS = YES;
				GCC_WARN_64_TO_32_BIT_CONVERSION = YES;
				GCC_WARN_ABOUT_RETURN_TYPE = YES_ERROR;
				GCC_WARN_UNDECLARED_SELECTOR = YES;
				GCC_WARN_UNINITIALIZED_AUTOS = YES_AGGRESSIVE;
				GCC_WARN_UNUSED_FUNCTION = YES;
				GCC_WARN_UNUSED_VARIABLE = YES;
				IPHONEOS_DEPLOYMENT_TARGET = 15.5;
				MTL_ENABLE_DEBUG_INFO = NO;
				MTL_FAST_MATH = YES;
				SDKROOT = iphoneos;
				SWIFT_COMPILATION_MODE = wholemodule;
				SWIFT_OPTIMIZATION_LEVEL = "-O";
				VALIDATE_PRODUCT = YES;
				VERSIONING_SYSTEM = "apple-generic";
				VERSION_INFO_PREFIX = "";
			};
			name = Release;
		};
		3898F3B028B4677600DFDD23 /* Debug */ = {
			isa = XCBuildConfiguration;
			baseConfigurationReference = 123B47C0E2C923EC6CEB8901 /* Pods-TestCocoa.debug.xcconfig */;
			buildSettings = {
				CODE_SIGN_STYLE = Automatic;
				CURRENT_PROJECT_VERSION = 1;
				DEFINES_MODULE = YES;
				DYLIB_COMPATIBILITY_VERSION = 1;
				DYLIB_CURRENT_VERSION = 1;
				DYLIB_INSTALL_NAME_BASE = "@rpath";
				FRAMEWORK_SEARCH_PATHS = (
					"$(inherited)",
					"\"${PODS_ROOT}/KontaktSDK/Cocoapods/KontaktSDK/iOS\"",
					"\"${PODS_XCFRAMEWORKS_BUILD_DIR}/KontaktSDK\"",
					"\"${PODS_XCFRAMEWORKS_BUILD_DIR}/FlutterPluginRegistrant\"",
				);
				GENERATE_INFOPLIST_FILE = YES;
				INFOPLIST_KEY_NSHumanReadableCopyright = "";
				INSTALL_PATH = "$(LOCAL_LIBRARY_DIR)/Frameworks";
				LD_RUNPATH_SEARCH_PATHS = (
					"$(inherited)",
					"@executable_path/Frameworks",
					"@loader_path/Frameworks",
				);
				MARKETING_VERSION = 1.0;
				PRODUCT_BUNDLE_IDENTIFIER = io.trixngo.TestCocoa;
				PRODUCT_NAME = "$(TARGET_NAME:c99extidentifier)";
				SKIP_INSTALL = YES;
				SUPPORTS_MACCATALYST = NO;
				SWIFT_EMIT_LOC_STRINGS = YES;
				SWIFT_VERSION = 5.0;
				TARGETED_DEVICE_FAMILY = "1,2";
			};
			name = Debug;
		};
		3898F3B128B4677600DFDD23 /* Release */ = {
			isa = XCBuildConfiguration;
			baseConfigurationReference = 07252AD84BD7EFD1F5A8EB70 /* Pods-TestCocoa.release.xcconfig */;
			buildSettings = {
				CODE_SIGN_STYLE = Automatic;
				CURRENT_PROJECT_VERSION = 1;
				DEFINES_MODULE = YES;
				DYLIB_COMPATIBILITY_VERSION = 1;
				DYLIB_CURRENT_VERSION = 1;
				DYLIB_INSTALL_NAME_BASE = "@rpath";
				FRAMEWORK_SEARCH_PATHS = (
					"$(inherited)",
					"\"${PODS_ROOT}/KontaktSDK/Cocoapods/KontaktSDK/iOS\"",
					"\"${PODS_XCFRAMEWORKS_BUILD_DIR}/KontaktSDK\"",
					"\"${PODS_XCFRAMEWORKS_BUILD_DIR}/FlutterPluginRegistrant\"",
				);
				GENERATE_INFOPLIST_FILE = YES;
				INFOPLIST_KEY_NSHumanReadableCopyright = "";
				INSTALL_PATH = "$(LOCAL_LIBRARY_DIR)/Frameworks";
				LD_RUNPATH_SEARCH_PATHS = (
					"$(inherited)",
					"@executable_path/Frameworks",
					"@loader_path/Frameworks",
				);
				MARKETING_VERSION = 1.0;
				PRODUCT_BUNDLE_IDENTIFIER = io.trixngo.TestCocoa;
				PRODUCT_NAME = "$(TARGET_NAME:c99extidentifier)";
				SKIP_INSTALL = YES;
				SUPPORTS_MACCATALYST = NO;
				SWIFT_EMIT_LOC_STRINGS = YES;
				SWIFT_VERSION = 5.0;
				TARGETED_DEVICE_FAMILY = "1,2";
			};
			name = Release;
		};
		3898F3B328B4677600DFDD23 /* Debug */ = {
			isa = XCBuildConfiguration;
			buildSettings = {
				CODE_SIGN_STYLE = Automatic;
				CURRENT_PROJECT_VERSION = 1;
				GENERATE_INFOPLIST_FILE = YES;
				MARKETING_VERSION = 1.0;
				PRODUCT_BUNDLE_IDENTIFIER = io.trixngo.TestCocoaTests;
				PRODUCT_NAME = "$(TARGET_NAME)";
				SWIFT_EMIT_LOC_STRINGS = NO;
				SWIFT_VERSION = 5.0;
				TARGETED_DEVICE_FAMILY = "1,2";
			};
			name = Debug;
		};
		3898F3B428B4677600DFDD23 /* Release */ = {
			isa = XCBuildConfiguration;
			buildSettings = {
				CODE_SIGN_STYLE = Automatic;
				CURRENT_PROJECT_VERSION = 1;
				GENERATE_INFOPLIST_FILE = YES;
				MARKETING_VERSION = 1.0;
				PRODUCT_BUNDLE_IDENTIFIER = io.trixngo.TestCocoaTests;
				PRODUCT_NAME = "$(TARGET_NAME)";
				SWIFT_EMIT_LOC_STRINGS = NO;
				SWIFT_VERSION = 5.0;
				TARGETED_DEVICE_FAMILY = "1,2";
			};
			name = Release;
		};
/* End XCBuildConfiguration section */

/* Begin XCConfigurationList section */
		3898F39528B4677500DFDD23 /* Build configuration list for PBXProject "TestCocoa" */ = {
			isa = XCConfigurationList;
			buildConfigurations = (
				3898F3AD28B4677600DFDD23 /* Debug */,
				3898F3AE28B4677600DFDD23 /* Release */,
			);
			defaultConfigurationIsVisible = 0;
			defaultConfigurationName = Release;
		};
		3898F3AF28B4677600DFDD23 /* Build configuration list for PBXNativeTarget "TestCocoa" */ = {
			isa = XCConfigurationList;
			buildConfigurations = (
				3898F3B028B4677600DFDD23 /* Debug */,
				3898F3B128B4677600DFDD23 /* Release */,
			);
			defaultConfigurationIsVisible = 0;
			defaultConfigurationName = Release;
		};
		3898F3B228B4677600DFDD23 /* Build configuration list for PBXNativeTarget "TestCocoaTests" */ = {
			isa = XCConfigurationList;
			buildConfigurations = (
				3898F3B328B4677600DFDD23 /* Debug */,
				3898F3B428B4677600DFDD23 /* Release */,
			);
			defaultConfigurationIsVisible = 0;
			defaultConfigurationName = Release;
		};
/* End XCConfigurationList section */
	};
	rootObject = 3898F39228B4677500DFDD23 /* Project object */;
}
