PODS:
  - Flutter (3.0.500)
  - FlutterPluginRegistrant (3.0.500)
  - KontaktSDK (3.0.25)

DEPENDENCIES:
  - Flutter (from `../TestCocoa/TestCocoa/Flutter/Debug/Flutter.podspec`)
  - FlutterPluginRegistrant (from `../TestCocoa/FlutterPluginRegistrant.podspec`)
  - KontaktSDK (~> 3.0.4)

SPEC REPOS:
  trunk:
    - KontaktSDK

EXTERNAL SOURCES:
  Flutter:
    :podspec: "../TestCocoa/TestCocoa/Flutter/Debug/Flutter.podspec"
  FlutterPluginRegistrant:
    :podspec: "../TestCocoa/FlutterPluginRegistrant.podspec"

SPEC CHECKSUMS:
  Flutter: b77cbdf5e1869fb88fb2e7bbcf0fb2c22a98e54c
  FlutterPluginRegistrant: 13cb324923191abd4ce8df7db7611fa603237e5b
  KontaktSDK: d1c31542fea1f11fa5ad857b69e19d0888f56436

PODFILE CHECKSUM: 653e055aad35cc7020f80968f1d0fc4182153266

COCOAPODS: 1.11.3
